
Microsoft Visual Studio Solution File, Format Version 12.00
# Visual Studio Version 16
VisualStudioVersion = 16.0.30611.23
MinimumVisualStudioVersion = 10.0.40219.1
Project("{FAE04EC0-301F-11D3-BF4B-00C04F79EFBC}") = "BRSTestDataGenerator", "BRSTestDataGenerator\BRSTestDataGenerator.csproj", "{221DB431-A9E0-46FB-A40F-C9443DA77CD6}"
EndProject
Global
	GlobalSection(SolutionConfigurationPlatforms) = preSolution
		Debug|Any CPU = Debug|Any CPU
		Release|Any CPU = Release|Any CPU
	EndGlobalSection
	GlobalSection(ProjectConfigurationPlatforms) = postSolution
		{221DB431-A9E0-46FB-A40F-C9443DA77CD6}.Debug|Any CPU.ActiveCfg = Debug|Any CPU
		{221DB431-A9E0-46FB-A40F-C9443DA77CD6}.Debug|Any CPU.Build.0 = Debug|Any CPU
		{221DB431-A9E0-46FB-A40F-C9443DA77CD6}.Release|Any CPU.ActiveCfg = Release|Any CPU
		{221DB431-A9E0-46FB-A40F-C9443DA77CD6}.Release|Any CPU.Build.0 = Release|Any CPU
	EndGlobalSection
	GlobalSection(SolutionProperties) = preSolution
		HideSolutionNode = FALSE
	EndGlobalSection
	GlobalSection(ExtensibilityGlobals) = postSolution
		SolutionGuid = {648F81DB-1DCE-4422-9EA0-C69514E7F7E1}
	EndGlobalSection
EndGlobal
